{
  "requires": true,
  "lockfileVersion": 1,
  "dependencies": {
    "cannon-es": {
      "version": "0.18.0",
      "resolved": "https://registry.npmjs.org/cannon-es/-/cannon-es-0.18.0.tgz",
      "integrity": "sha512-GiQ1bd0etZsMVSnUhNc+p+FEh0R/cULpp8uRSAhEK4Kax+y/31Au03m6h1h1xdDivAMnFg8YDwevHgzLynOHlw=="
    },
    "three": {
      "version": "0.131.3",
      "resolved": "https://registry.npmjs.org/three/-/three-0.131.3.tgz",
      "integrity": "sha512-VkZAv8ZTJqiE/fyEmoWLxcNHImpVcjqW7RO0GzMu3tRpwO0KUvK9pjTmJzJcAbc51BOeB2G38zh80yjHTbP8gQ=="
    }
  }
}
