{
  "requires": true,
  "lockfileVersion": 1,
  "dependencies": {
    "cannon-es": {
      "version": "0.18.0",
      "resolved": "https://registry.npmjs.org/cannon-es/-/cannon-es-0.18.0.tgz",
      "integrity": "sha512-GiQ1bd0etZsMVSnUhNc+p+FEh0R/cULpp8uRSAhEK4Kax+y/31Au03m6h1h1xdDivAMnFg8YDwevHgzLynOHlw=="
    },
    "cannon-es-debugger": {
      "version": "0.1.4",
      "resolved": "https://registry.npmjs.org/cannon-es-debugger/-/cannon-es-debugger-0.1.4.tgz",
      "integrity": "sha512-RefSPWX6gDMQsx3UWoQpkGW3R03Wwn8p1JteexQUYxDC5DnOS3U3iKhns2vVpFp6Q3AKiSSmRf7NIXnGN8L0RA=="
    },
    "three": {
      "version": "0.131.3",
      "resolved": "https://registry.npmjs.org/three/-/three-0.131.3.tgz",
      "integrity": "sha512-VkZAv8ZTJqiE/fyEmoWLxcNHImpVcjqW7RO0GzMu3tRpwO0KUvK9pjTmJzJcAbc51BOeB2G38zh80yjHTbP8gQ=="
    },
    "typescript": {
      "version": "4.3.5",
      "resolved": "https://registry.npmjs.org/typescript/-/typescript-4.3.5.tgz",
      "integrity": "sha512-DqQgihaQ9cUrskJo9kIyW/+g0Vxsk8cDtZ52a3NGh0YNTfpUSArXSohyUGnvbPazEPLu398C0UxmKSOrPumUzA=="
    }
  }
}
