# THIS IS AN AUTOGENERATED FILE. DO NOT EDIT THIS FILE DIRECTLY.
# yarn lockfile v1


cannon-es-debugger@^0.1.4:
  version "0.1.4"
  resolved "https://registry.yarnpkg.com/cannon-es-debugger/-/cannon-es-debugger-0.1.4.tgz#22c79ae14c52de44465690988ff647c51c79c62b"
  integrity sha512-RefSPWX6gDMQsx3UWoQpkGW3R03Wwn8p1JteexQUYxDC5DnOS3U3iKhns2vVpFp6Q3AKiSSmRf7NIXnGN8L0RA==

cannon-es@0.x.x:
  version "0.18.0"
  resolved "https://registry.yarnpkg.com/cannon-es/-/cannon-es-0.18.0.tgz#ae831ff9df2352d5faabb269c11ea0f10bc35c7e"
  integrity sha512-GiQ1bd0etZsMVSnUhNc+p+FEh0R/cULpp8uRSAhEK4Kax+y/31Au03m6h1h1xdDivAMnFg8YDwevHgzLynOHlw==

three@^0.131.3:
  version "0.131.3"
  resolved "https://registry.yarnpkg.com/three/-/three-0.131.3.tgz#406fd210c603ca9154937ae3582996fbfd3cb716"
  integrity sha512-VkZAv8ZTJqiE/fyEmoWLxcNHImpVcjqW7RO0GzMu3tRpwO0KUvK9pjTmJzJcAbc51BOeB2G38zh80yjHTbP8gQ==

typescript@>=3.8:
  version "4.3.5"
  resolved "https://registry.yarnpkg.com/typescript/-/typescript-4.3.5.tgz#4d1c37cc16e893973c45a06886b7113234f119f4"
  integrity sha512-DqQgihaQ9cUrskJo9kIyW/+g0Vxsk8cDtZ52a3NGh0YNTfpUSArXSohyUGnvbPazEPLu398C0UxmKSOrPumUzA==
